{
  "nodes": {
    "home-manager": {
      "inputs": {
        "nixpkgs": [
          "nixpkgs"
        ]
      },
      "locked": {
        "lastModified": 1778593290,
        "narHash": "sha256-lsF9HBrO3Nr3ktvAapFPBbTYsYOSvutMCL9XZ0Z/oko=",
        "owner": "nix-community",
        "repo": "home-manager",
        "rev": "b3de8ada63521fc16c6e535172085f0863b611f9",
        "type": "github"
      },
      "original": {
        "owner": "nix-community",
        "repo": "home-manager",
        "type": "github"
      }
    },
    "musnix": {
      "inputs": {
        "nixpkgs": [
          "nixpkgs"
        ]
      },
      "locked": {
        "lastModified": 1777848538,
        "narHash": "sha256-Dj51C0NWsglqRrCpdmMr2nFiYacFOid1Tor4H9yG2HY=",
        "owner": "musnix",
        "repo": "musnix",
        "rev": "8548782f0d1d0928daa3fffde8a008f72219a3f3",
        "type": "github"
      },
      "original": {
        "owner": "musnix",
        "repo": "musnix",
        "type": "github"
      }
    },
    "nix-index-database": {
      "inputs": {
        "nixpkgs": [
          "nixpkgs"
        ]
      },
      "locked": {
        "lastModified": 1778393439,
        "narHash": "sha256-mOtQxUjtKaPHLeoLOY/YEDctmud1X9KwJr4kE1MJ3Wc=",
        "owner": "nix-community",
        "repo": "nix-index-database",
        "rev": "01466c414c7357ae2ce32be4a272a7c69e94ab5f",
        "type": "github"
      },
      "original": {
        "owner": "nix-community",
        "repo": "nix-index-database",
        "type": "github"
      }
    },
    "nixpkgs": {
      "locked": {
        "lastModified": 1777954456,
        "narHash": "sha256-hGdgeU2Nk87RAuZyYjyDjFL6LK7dAZN5RE9+hrDTkDU=",
        "owner": "nixos",
        "repo": "nixpkgs",
        "rev": "549bd84d6279f9852cae6225e372cc67fb91a4c1",
        "type": "github"
      },
      "original": {
        "owner": "nixos",
        "ref": "nixos-unstable",
        "repo": "nixpkgs",
        "type": "github"
      }
    },
    "root": {
      "inputs": {
        "home-manager": "home-manager",
        "musnix": "musnix",
        "nix-index-database": "nix-index-database",
        "nixpkgs": "nixpkgs",
        "templates": "templates",
        "todo": "todo"
      }
    },
    "templates": {
      "locked": {
        "lastModified": 1760444628,
        "narHash": "sha256-wkIx1uPjYVOOcho0SAknX3tw2U8vswKwC/uZ3U0HAxE=",
        "owner": "nixos",
        "repo": "templates",
        "rev": "2557dc639215476df149ae6842a1ae94d60a884c",
        "type": "github"
      },
      "original": {
        "owner": "nixos",
        "repo": "templates",
        "type": "github"
      }
    },
    "todo": {
      "inputs": {
        "nixpkgs": [
          "nixpkgs"
        ]
      },
      "locked": {
        "lastModified": 1777036304,
        "narHash": "sha256-VaEvm7/ViO84ahH698V/TZi9xMa4bMh7fxp0l5osw58=",
        "owner": "ludihan",
        "repo": "todo",
        "rev": "72a40610bd5393a35b690934e0a3da87620a6027",
        "type": "github"
      },
      "original": {
        "owner": "ludihan",
        "repo": "todo",
        "type": "github"
      }
    }
  },
  "root": "root",
  "version": 7
}
